{
  "name": "degrade.js",
  "version": "1.0.0",
  "lockfileVersion": 1,
  "requires": true,
  "dependencies": {
    "lisa.promise": {
      "version": "1.1.2",
      "resolved": "https://registry.npmjs.org/lisa.promise/-/lisa.promise-1.1.2.tgz",
      "integrity": "sha512-bbYVYuCUBr1u3FtHAfxbOvwV1zG1QlInOQN/ULm9vwhI0Lwutks6eZBgNR9heS8dY1Lemz+WcHVew6xeo0r+Jg==",
      "requires": {
        "promise-sequential": "^1.1.1"
      }
    },
    "promise-sequential": {
      "version": "1.1.1",
      "resolved": "https://registry.npmjs.org/promise-sequential/-/promise-sequential-1.1.1.tgz",
      "integrity": "sha1-956JUO+G56eoW/MgRSZDWS9tL7I="
    }
  }
}
